
Microsoft Visual Studio Solution File, Format Version 12.00
# Visual Studio Version 16
VisualStudioVersion = 16.0.30413.136
MinimumVisualStudioVersion = 10.0.40219.1
Project("{9A19103F-16F7-4668-BE54-9A1E7A4F7556}") = "Hello", "Hello\Hello.csproj", "{CA8C0910-1966-4D9E-B3CF-1F44C0C566D8}"
EndProject
Project("{9A19103F-16F7-4668-BE54-9A1E7A4F7556}") = "StudentDiary", "StudentDiary\StudentDiary.csproj", "{B7F76FEE-2B30-412D-9CB5-5FAEDAAA4EDF}"
EndProject
Project("{9A19103F-16F7-4668-BE54-9A1E7A4F7556}") = "Constructors", "Constructors\Constructors.csproj", "{177FD16C-A779-4427-883F-1E3019351EF6}"
EndProject
Project("{9A19103F-16F7-4668-BE54-9A1E7A4F7556}") = "Section10", "Section10\Section10.csproj", "{84C03D61-8213-48AB-A18D-223ACBD0E03E}"
EndProject
Project("{9A19103F-16F7-4668-BE54-9A1E7A4F7556}") = "Typy", "Typy\Typy.csproj", "{37948A0F-9290-41DB-BFBE-3BB138A67125}"
EndProject
Project("{FAE04EC0-301F-11D3-BF4B-00C04F79EFBC}") = "Typy.Tests", "Typy.Tests\Typy.Tests.csproj", "{E908B268-565A-43FD-8F3C-7BEAE77BCF92}"
EndProject
Project("{FAE04EC0-301F-11D3-BF4B-00C04F79EFBC}") = "Members", "Members\Members.csproj", "{ECA1BB24-4B42-4901-A8E8-E635E7B8038D}"
EndProject
Project("{FAE04EC0-301F-11D3-BF4B-00C04F79EFBC}") = "FlowControl", "FlowControl\FlowControl.csproj", "{683BA9AF-695D-44A9-B127-0DA4D74360ED}"
EndProject
Project("{2150E333-8FDC-42A3-9474-1A3956D46DE8}") = "Solution Items", "Solution Items", "{D996F322-4AC5-4D84-ADD0-00DCE19FA536}"
	ProjectSection(SolutionItems) = preProject
		.editorconfig = .editorconfig
	EndProjectSection
EndProject
Global
	GlobalSection(SolutionConfigurationPlatforms) = preSolution
		Debug|Any CPU = Debug|Any CPU
		Release|Any CPU = Release|Any CPU
	EndGlobalSection
	GlobalSection(ProjectConfigurationPlatforms) = postSolution
		{CA8C0910-1966-4D9E-B3CF-1F44C0C566D8}.Debug|Any CPU.ActiveCfg = Debug|Any CPU
		{CA8C0910-1966-4D9E-B3CF-1F44C0C566D8}.Debug|Any CPU.Build.0 = Debug|Any CPU
		{CA8C0910-1966-4D9E-B3CF-1F44C0C566D8}.Release|Any CPU.ActiveCfg = Release|Any CPU
		{CA8C0910-1966-4D9E-B3CF-1F44C0C566D8}.Release|Any CPU.Build.0 = Release|Any CPU
		{B7F76FEE-2B30-412D-9CB5-5FAEDAAA4EDF}.Debug|Any CPU.ActiveCfg = Debug|Any CPU
		{B7F76FEE-2B30-412D-9CB5-5FAEDAAA4EDF}.Debug|Any CPU.Build.0 = Debug|Any CPU
		{B7F76FEE-2B30-412D-9CB5-5FAEDAAA4EDF}.Release|Any CPU.ActiveCfg = Release|Any CPU
		{B7F76FEE-2B30-412D-9CB5-5FAEDAAA4EDF}.Release|Any CPU.Build.0 = Release|Any CPU
		{177FD16C-A779-4427-883F-1E3019351EF6}.Debug|Any CPU.ActiveCfg = Debug|Any CPU
		{177FD16C-A779-4427-883F-1E3019351EF6}.Debug|Any CPU.Build.0 = Debug|Any CPU
		{177FD16C-A779-4427-883F-1E3019351EF6}.Release|Any CPU.ActiveCfg = Release|Any CPU
		{177FD16C-A779-4427-883F-1E3019351EF6}.Release|Any CPU.Build.0 = Release|Any CPU
		{84C03D61-8213-48AB-A18D-223ACBD0E03E}.Debug|Any CPU.ActiveCfg = Debug|Any CPU
		{84C03D61-8213-48AB-A18D-223ACBD0E03E}.Debug|Any CPU.Build.0 = Debug|Any CPU
		{84C03D61-8213-48AB-A18D-223ACBD0E03E}.Release|Any CPU.ActiveCfg = Release|Any CPU
		{84C03D61-8213-48AB-A18D-223ACBD0E03E}.Release|Any CPU.Build.0 = Release|Any CPU
		{37948A0F-9290-41DB-BFBE-3BB138A67125}.Debug|Any CPU.ActiveCfg = Debug|Any CPU
		{37948A0F-9290-41DB-BFBE-3BB138A67125}.Debug|Any CPU.Build.0 = Debug|Any CPU
		{37948A0F-9290-41DB-BFBE-3BB138A67125}.Release|Any CPU.ActiveCfg = Release|Any CPU
		{37948A0F-9290-41DB-BFBE-3BB138A67125}.Release|Any CPU.Build.0 = Release|Any CPU
		{E908B268-565A-43FD-8F3C-7BEAE77BCF92}.Debug|Any CPU.ActiveCfg = Debug|Any CPU
		{E908B268-565A-43FD-8F3C-7BEAE77BCF92}.Debug|Any CPU.Build.0 = Debug|Any CPU
		{E908B268-565A-43FD-8F3C-7BEAE77BCF92}.Release|Any CPU.ActiveCfg = Release|Any CPU
		{E908B268-565A-43FD-8F3C-7BEAE77BCF92}.Release|Any CPU.Build.0 = Release|Any CPU
		{ECA1BB24-4B42-4901-A8E8-E635E7B8038D}.Debug|Any CPU.ActiveCfg = Debug|Any CPU
		{ECA1BB24-4B42-4901-A8E8-E635E7B8038D}.Debug|Any CPU.Build.0 = Debug|Any CPU
		{ECA1BB24-4B42-4901-A8E8-E635E7B8038D}.Release|Any CPU.ActiveCfg = Release|Any CPU
		{ECA1BB24-4B42-4901-A8E8-E635E7B8038D}.Release|Any CPU.Build.0 = Release|Any CPU
		{683BA9AF-695D-44A9-B127-0DA4D74360ED}.Debug|Any CPU.ActiveCfg = Debug|Any CPU
		{683BA9AF-695D-44A9-B127-0DA4D74360ED}.Debug|Any CPU.Build.0 = Debug|Any CPU
		{683BA9AF-695D-44A9-B127-0DA4D74360ED}.Release|Any CPU.ActiveCfg = Release|Any CPU
		{683BA9AF-695D-44A9-B127-0DA4D74360ED}.Release|Any CPU.Build.0 = Release|Any CPU
	EndGlobalSection
	GlobalSection(SolutionProperties) = preSolution
		HideSolutionNode = FALSE
	EndGlobalSection
	GlobalSection(ExtensibilityGlobals) = postSolution
		SolutionGuid = {259026D5-1FCB-49B1-AE15-687F8B3EDA7F}
	EndGlobalSection
EndGlobal
