
Microsoft Visual Studio Solution File, Format Version 12.00
# Visual Studio Version 16
VisualStudioVersion = 16.0.30413.136
MinimumVisualStudioVersion = 10.0.40219.1
Project("{9A19103F-16F7-4668-BE54-9A1E7A4F7556}") = "Hello", "Hello\Hello.csproj", "{CA8C0910-1966-4D9E-B3CF-1F44C0C566D8}"
EndProject
Project("{FAE04EC0-301F-11D3-BF4B-00C04F79EFBC}") = "StudentDiary", "StudentDiary\StudentDiary.csproj", "{B7F76FEE-2B30-412D-9CB5-5FAEDAAA4EDF}"
EndProject
Global
	GlobalSection(SolutionConfigurationPlatforms) = preSolution
		Debug|Any CPU = Debug|Any CPU
		Release|Any CPU = Release|Any CPU
	EndGlobalSection
	GlobalSection(ProjectConfigurationPlatforms) = postSolution
		{CA8C0910-1966-4D9E-B3CF-1F44C0C566D8}.Debug|Any CPU.ActiveCfg = Debug|Any CPU
		{CA8C0910-1966-4D9E-B3CF-1F44C0C566D8}.Debug|Any CPU.Build.0 = Debug|Any CPU
		{CA8C0910-1966-4D9E-B3CF-1F44C0C566D8}.Release|Any CPU.ActiveCfg = Release|Any CPU
		{CA8C0910-1966-4D9E-B3CF-1F44C0C566D8}.Release|Any CPU.Build.0 = Release|Any CPU
		{B7F76FEE-2B30-412D-9CB5-5FAEDAAA4EDF}.Debug|Any CPU.ActiveCfg = Debug|Any CPU
		{B7F76FEE-2B30-412D-9CB5-5FAEDAAA4EDF}.Debug|Any CPU.Build.0 = Debug|Any CPU
		{B7F76FEE-2B30-412D-9CB5-5FAEDAAA4EDF}.Release|Any CPU.ActiveCfg = Release|Any CPU
		{B7F76FEE-2B30-412D-9CB5-5FAEDAAA4EDF}.Release|Any CPU.Build.0 = Release|Any CPU
	EndGlobalSection
	GlobalSection(SolutionProperties) = preSolution
		HideSolutionNode = FALSE
	EndGlobalSection
	GlobalSection(ExtensibilityGlobals) = postSolution
		SolutionGuid = {259026D5-1FCB-49B1-AE15-687F8B3EDA7F}
	EndGlobalSection
EndGlobal
